<Solution>
  <Project Path="NoviCode.Api/NoviCode.Api.csproj" />
  <Project Path="NoviCode.Application/NoviCode.Application.csproj" />
  <Project Path="NoviCode.Domain/NoviCode.Domain.csproj" />
  <Project Path="NoviCode.Infrastructure/NoviCode.Infrastructure.csproj" />
  <Project Path="WorldRank.tests/NoviCode.tests.csproj" Id="0f8accf6-365c-4e7b-a826-7e2420bba879" />
</Solution>
